// !$*UTF8*$!
{
	archiveVersion = 1;
	classes = {
	};
	objectVersion = 56;
	objects = {

/* Begin PBXBuildFile section */
		A100000000000000000000E1 /* MeuCarroApp.swift in Sources */ = {isa = PBXBuildFile; fileRef = A100000000000000000000B1 /* MeuCarroApp.swift */; };
		A100000000000000000000E2 /* VehicleInfo.swift in Sources */ = {isa = PBXBuildFile; fileRef = A100000000000000000000B2 /* VehicleInfo.swift */; };
		A100000000000000000000E3 /* FuelFill.swift in Sources */ = {isa = PBXBuildFile; fileRef = A100000000000000000000B3 /* FuelFill.swift */; };
		A100000000000000000000E4 /* Trip.swift in Sources */ = {isa = PBXBuildFile; fileRef = A100000000000000000000B4 /* Trip.swift */; };
		A100000000000000000000E5 /* TripPoint.swift in Sources */ = {isa = PBXBuildFile; fileRef = A100000000000000000000B5 /* TripPoint.swift */; };
		A100000000000000000000E6 /* PerformanceRun.swift in Sources */ = {isa = PBXBuildFile; fileRef = A100000000000000000000B6 /* PerformanceRun.swift */; };
		A100000000000000000000E7 /* Formatters.swift in Sources */ = {isa = PBXBuildFile; fileRef = A100000000000000000000B7 /* Formatters.swift */; };
		A100000000000000000000E8 /* FuelCalculator.swift in Sources */ = {isa = PBXBuildFile; fileRef = A100000000000000000000B8 /* FuelCalculator.swift */; };
		A100000000000000000000E9 /* LocationService.swift in Sources */ = {isa = PBXBuildFile; fileRef = A100000000000000000000B9 /* LocationService.swift */; };
		A100000000000000000000F1 /* PerformanceService.swift in Sources */ = {isa = PBXBuildFile; fileRef = A100000000000000000000C1 /* PerformanceService.swift */; };
		A100000000000000000000F2 /* TripRecorder.swift in Sources */ = {isa = PBXBuildFile; fileRef = A100000000000000000000C2 /* TripRecorder.swift */; };
		A100000000000000000000F3 /* MainTabView.swift in Sources */ = {isa = PBXBuildFile; fileRef = A100000000000000000000C3 /* MainTabView.swift */; };
		A100000000000000000000F4 /* DashboardView.swift in Sources */ = {isa = PBXBuildFile; fileRef = A100000000000000000000C4 /* DashboardView.swift */; };
		A100000000000000000000F5 /* FuelView.swift in Sources */ = {isa = PBXBuildFile; fileRef = A100000000000000000000C5 /* FuelView.swift */; };
		A100000000000000000000F6 /* AddFuelView.swift in Sources */ = {isa = PBXBuildFile; fileRef = A100000000000000000000C6 /* AddFuelView.swift */; };
		A100000000000000000000F7 /* FuelComparatorView.swift in Sources */ = {isa = PBXBuildFile; fileRef = A100000000000000000000C7 /* FuelComparatorView.swift */; };
		A100000000000000000000F8 /* TripsView.swift in Sources */ = {isa = PBXBuildFile; fileRef = A100000000000000000000C8 /* TripsView.swift */; };
		A100000000000000000000F9 /* AddTripView.swift in Sources */ = {isa = PBXBuildFile; fileRef = A100000000000000000000C9 /* AddTripView.swift */; };
		A100000000000000000000G1 /* TripDetailView.swift in Sources */ = {isa = PBXBuildFile; fileRef = A100000000000000000000D1 /* TripDetailView.swift */; };
		A100000000000000000000G2 /* PerformanceView.swift in Sources */ = {isa = PBXBuildFile; fileRef = A100000000000000000000D2 /* PerformanceView.swift */; };
		A100000000000000000000G3 /* ZeroToHundredView.swift in Sources */ = {isa = PBXBuildFile; fileRef = A100000000000000000000D3 /* ZeroToHundredView.swift */; };
		A100000000000000000000G4 /* ColdStartView.swift in Sources */ = {isa = PBXBuildFile; fileRef = A100000000000000000000D4 /* ColdStartView.swift */; };
		A100000000000000000000G5 /* ReportsView.swift in Sources */ = {isa = PBXBuildFile; fileRef = A100000000000000000000D5 /* ReportsView.swift */; };
		A100000000000000000000G6 /* SettingsView.swift in Sources */ = {isa = PBXBuildFile; fileRef = A100000000000000000000D6 /* SettingsView.swift */; };
		A100000000000000000000G7 /* Assets.xcassets in Resources */ = {isa = PBXBuildFile; fileRef = A100000000000000000000D7 /* Assets.xcassets */; };
/* End PBXBuildFile section */

/* Begin PBXFileReference section */
		A100000000000000000000A1 /* MeuCarro.app */ = {isa = PBXFileReference; explicitFileType = wrapper.application; includeInIndex = 0; path = MeuCarro.app; sourceTree = BUILT_PRODUCTS_DIR; };
		A100000000000000000000B1 /* MeuCarroApp.swift */ = {isa = PBXFileReference; lastKnownFileType = sourcecode.swift; path = MeuCarroApp.swift; sourceTree = "<group>"; };
		A100000000000000000000B2 /* VehicleInfo.swift */ = {isa = PBXFileReference; lastKnownFileType = sourcecode.swift; path = VehicleInfo.swift; sourceTree = "<group>"; };
		A100000000000000000000B3 /* FuelFill.swift */ = {isa = PBXFileReference; lastKnownFileType = sourcecode.swift; path = FuelFill.swift; sourceTree = "<group>"; };
		A100000000000000000000B4 /* Trip.swift */ = {isa = PBXFileReference; lastKnownFileType = sourcecode.swift; path = Trip.swift; sourceTree = "<group>"; };
		A100000000000000000000B5 /* TripPoint.swift */ = {isa = PBXFileReference; lastKnownFileType = sourcecode.swift; path = TripPoint.swift; sourceTree = "<group>"; };
		A100000000000000000000B6 /* PerformanceRun.swift */ = {isa = PBXFileReference; lastKnownFileType = sourcecode.swift; path = PerformanceRun.swift; sourceTree = "<group>"; };
		A100000000000000000000B7 /* Formatters.swift */ = {isa = PBXFileReference; lastKnownFileType = sourcecode.swift; path = Formatters.swift; sourceTree = "<group>"; };
		A100000000000000000000B8 /* FuelCalculator.swift */ = {isa = PBXFileReference; lastKnownFileType = sourcecode.swift; path = FuelCalculator.swift; sourceTree = "<group>"; };
		A100000000000000000000B9 /* LocationService.swift */ = {isa = PBXFileReference; lastKnownFileType = sourcecode.swift; path = LocationService.swift; sourceTree = "<group>"; };
		A100000000000000000000C1 /* PerformanceService.swift */ = {isa = PBXFileReference; lastKnownFileType = sourcecode.swift; path = PerformanceService.swift; sourceTree = "<group>"; };
		A100000000000000000000C2 /* TripRecorder.swift */ = {isa = PBXFileReference; lastKnownFileType = sourcecode.swift; path = TripRecorder.swift; sourceTree = "<group>"; };
		A100000000000000000000C3 /* MainTabView.swift */ = {isa = PBXFileReference; lastKnownFileType = sourcecode.swift; path = MainTabView.swift; sourceTree = "<group>"; };
		A100000000000000000000C4 /* DashboardView.swift */ = {isa = PBXFileReference; lastKnownFileType = sourcecode.swift; path = DashboardView.swift; sourceTree = "<group>"; };
		A100000000000000000000C5 /* FuelView.swift */ = {isa = PBXFileReference; lastKnownFileType = sourcecode.swift; path = FuelView.swift; sourceTree = "<group>"; };
		A100000000000000000000C6 /* AddFuelView.swift */ = {isa = PBXFileReference; lastKnownFileType = sourcecode.swift; path = AddFuelView.swift; sourceTree = "<group>"; };
		A100000000000000000000C7 /* FuelComparatorView.swift */ = {isa = PBXFileReference; lastKnownFileType = sourcecode.swift; path = FuelComparatorView.swift; sourceTree = "<group>"; };
		A100000000000000000000C8 /* TripsView.swift */ = {isa = PBXFileReference; lastKnownFileType = sourcecode.swift; path = TripsView.swift; sourceTree = "<group>"; };
		A100000000000000000000C9 /* AddTripView.swift */ = {isa = PBXFileReference; lastKnownFileType = sourcecode.swift; path = AddTripView.swift; sourceTree = "<group>"; };
		A100000000000000000000D1 /* TripDetailView.swift */ = {isa = PBXFileReference; lastKnownFileType = sourcecode.swift; path = TripDetailView.swift; sourceTree = "<group>"; };
		A100000000000000000000D2 /* PerformanceView.swift */ = {isa = PBXFileReference; lastKnownFileType = sourcecode.swift; path = PerformanceView.swift; sourceTree = "<group>"; };
		A100000000000000000000D3 /* ZeroToHundredView.swift */ = {isa = PBXFileReference; lastKnownFileType = sourcecode.swift; path = ZeroToHundredView.swift; sourceTree = "<group>"; };
		A100000000000000000000D4 /* ColdStartView.swift */ = {isa = PBXFileReference; lastKnownFileType = sourcecode.swift; path = ColdStartView.swift; sourceTree = "<group>"; };
		A100000000000000000000D5 /* ReportsView.swift */ = {isa = PBXFileReference; lastKnownFileType = sourcecode.swift; path = ReportsView.swift; sourceTree = "<group>"; };
		A100000000000000000000D6 /* SettingsView.swift */ = {isa = PBXFileReference; lastKnownFileType = sourcecode.swift; path = SettingsView.swift; sourceTree = "<group>"; };
		A100000000000000000000D7 /* Assets.xcassets */ = {isa = PBXFileReference; lastKnownFileType = folder.assetcatalog; path = Assets.xcassets; sourceTree = "<group>"; };
/* End PBXFileReference section */

/* Begin PBXFrameworksBuildPhase section */
		A100000000000000000000A3 /* Frameworks */ = {
			isa = PBXFrameworksBuildPhase;
			buildActionMask = 2147483647;
			files = (
			);
			runOnlyForDeploymentPostprocessing = 0;
		};
/* End PBXFrameworksBuildPhase section */

/* Begin PBXGroup section */
		A100000000000000000000A4 = {
			isa = PBXGroup;
			children = (
				A100000000000000000000H1 /* MeuCarro */,
				A100000000000000000000A5 /* Products */,
			);
			sourceTree = "<group>";
		};
		A100000000000000000000A5 /* Products */ = {
			isa = PBXGroup;
			children = (
				A100000000000000000000A1 /* MeuCarro.app */,
			);
			name = Products;
			sourceTree = "<group>";
		};
		A100000000000000000000H1 /* MeuCarro */ = {
			isa = PBXGroup;
			children = (
				A100000000000000000000B1 /* MeuCarroApp.swift */,
				A100000000000000000000H2 /* Models */,
				A100000000000000000000H3 /* Services */,
				A100000000000000000000H4 /* Views */,
				A100000000000000000000D7 /* Assets.xcassets */,
			);
			path = MeuCarro;
			sourceTree = "<group>";
		};
		A100000000000000000000H2 /* Models */ = {
			isa = PBXGroup;
			children = (
				A100000000000000000000B2 /* VehicleInfo.swift */,
				A100000000000000000000B3 /* FuelFill.swift */,
				A100000000000000000000B4 /* Trip.swift */,
				A100000000000000000000B5 /* TripPoint.swift */,
				A100000000000000000000B6 /* PerformanceRun.swift */,
			);
			path = Models;
			sourceTree = "<group>";
		};
		A100000000000000000000H3 /* Services */ = {
			isa = PBXGroup;
			children = (
				A100000000000000000000B7 /* Formatters.swift */,
				A100000000000000000000B8 /* FuelCalculator.swift */,
				A100000000000000000000B9 /* LocationService.swift */,
				A100000000000000000000C1 /* PerformanceService.swift */,
				A100000000000000000000C2 /* TripRecorder.swift */,
			);
			path = Services;
			sourceTree = "<group>";
		};
		A100000000000000000000H4 /* Views */ = {
			isa = PBXGroup;
			children = (
				A100000000000000000000C3 /* MainTabView.swift */,
				A100000000000000000000H5 /* Dashboard */,
				A100000000000000000000H6 /* Fuel */,
				A100000000000000000000H7 /* Trips */,
				A100000000000000000000H8 /* Performance */,
				A100000000000000000000H9 /* Reports */,
				A100000000000000000000H10 /* Settings */,
			);
			path = Views;
			sourceTree = "<group>";
		};
		A100000000000000000000H5 /* Dashboard */ = {
			isa = PBXGroup;
			children = (
				A100000000000000000000C4 /* DashboardView.swift */,
			);
			path = Dashboard;
			sourceTree = "<group>";
		};
		A100000000000000000000H6 /* Fuel */ = {
			isa = PBXGroup;
			children = (
				A100000000000000000000C5 /* FuelView.swift */,
				A100000000000000000000C6 /* AddFuelView.swift */,
				A100000000000000000000C7 /* FuelComparatorView.swift */,
			);
			path = Fuel;
			sourceTree = "<group>";
		};
		A100000000000000000000H7 /* Trips */ = {
			isa = PBXGroup;
			children = (
				A100000000000000000000C8 /* TripsView.swift */,
				A100000000000000000000C9 /* AddTripView.swift */,
				A100000000000000000000D1 /* TripDetailView.swift */,
			);
			path = Trips;
			sourceTree = "<group>";
		};
		A100000000000000000000H8 /* Performance */ = {
			isa = PBXGroup;
			children = (
				A100000000000000000000D2 /* PerformanceView.swift */,
				A100000000000000000000D3 /* ZeroToHundredView.swift */,
				A100000000000000000000D4 /* ColdStartView.swift */,
			);
			path = Performance;
			sourceTree = "<group>";
		};
		A100000000000000000000H9 /* Reports */ = {
			isa = PBXGroup;
			children = (
				A100000000000000000000D5 /* ReportsView.swift */,
			);
			path = Reports;
			sourceTree = "<group>";
		};
		A100000000000000000000H10 /* Settings */ = {
			isa = PBXGroup;
			children = (
				A100000000000000000000D6 /* SettingsView.swift */,
			);
			path = Settings;
			sourceTree = "<group>";
		};
/* End PBXGroup section */

/* Begin PBXNativeTarget section */
		A100000000000000000000A6 /* MeuCarro */ = {
			isa = PBXNativeTarget;
			buildConfigurationList = A100000000000000000000A7 /* Build configuration list for PBXNativeTarget "MeuCarro" */;
			buildPhases = (
				A100000000000000000000A8 /* Sources */,
				A100000000000000000000A3 /* Frameworks */,
				A100000000000000000000A9 /* Resources */,
			);
			buildRules = (
			);
			dependencies = (
			);
			name = MeuCarro;
			productName = MeuCarro;
			productReference = A100000000000000000000A1 /* MeuCarro.app */;
			productType = "com.apple.product-type.application";
		};
/* End PBXNativeTarget section */

/* Begin PBXProject section */
		A100000000000000000000AA /* Project object */ = {
			isa = PBXProject;
			attributes = {
				BuildIndependentTargetsInParallel = 1;
				LastSwiftUpdateCheck = 1600;
				LastUpgradeCheck = 1600;
				TargetAttributes = {
					A100000000000000000000A6 = {
						CreatedOnToolsVersion = 16.0;
					};
				};
			};
			buildConfigurationList = A100000000000000000000AB /* Build configuration list for PBXProject "MeuCarro" */;
			compatibilityVersion = "Xcode 14.0";
			developmentRegion = en;
			hasScannedForEncodings = 0;
			knownRegions = (
				en,
				Base,
				"pt-BR",
			);
			mainGroup = A100000000000000000000A4;
			productRefGroup = A100000000000000000000A5 /* Products */;
			projectDirPath = "";
			projectRoot = "";
			targets = (
				A100000000000000000000A6 /* MeuCarro */,
			);
		};
/* End PBXProject section */

/* Begin PBXResourcesBuildPhase section */
		A100000000000000000000A9 /* Resources */ = {
			isa = PBXResourcesBuildPhase;
			buildActionMask = 2147483647;
			files = (
				A100000000000000000000G7 /* Assets.xcassets in Resources */,
			);
			runOnlyForDeploymentPostprocessing = 0;
		};
/* End PBXResourcesBuildPhase section */

/* Begin PBXSourcesBuildPhase section */
		A100000000000000000000A8 /* Sources */ = {
			isa = PBXSourcesBuildPhase;
			buildActionMask = 2147483647;
			files = (
				A100000000000000000000E1 /* MeuCarroApp.swift in Sources */,
				A100000000000000000000E2 /* VehicleInfo.swift in Sources */,
				A100000000000000000000E3 /* FuelFill.swift in Sources */,
				A100000000000000000000E4 /* Trip.swift in Sources */,
				A100000000000000000000E5 /* TripPoint.swift in Sources */,
				A100000000000000000000E6 /* PerformanceRun.swift in Sources */,
				A100000000000000000000E7 /* Formatters.swift in Sources */,
				A100000000000000000000E8 /* FuelCalculator.swift in Sources */,
				A100000000000000000000E9 /* LocationService.swift in Sources */,
				A100000000000000000000F1 /* PerformanceService.swift in Sources */,
				A100000000000000000000F2 /* TripRecorder.swift in Sources */,
				A100000000000000000000F3 /* MainTabView.swift in Sources */,
				A100000000000000000000F4 /* DashboardView.swift in Sources */,
				A100000000000000000000F5 /* FuelView.swift in Sources */,
				A100000000000000000000F6 /* AddFuelView.swift in Sources */,
				A100000000000000000000F7 /* FuelComparatorView.swift in Sources */,
				A100000000000000000000F8 /* TripsView.swift in Sources */,
				A100000000000000000000F9 /* AddTripView.swift in Sources */,
				A100000000000000000000G1 /* TripDetailView.swift in Sources */,
				A100000000000000000000G2 /* PerformanceView.swift in Sources */,
				A100000000000000000000G3 /* ZeroToHundredView.swift in Sources */,
				A100000000000000000000G4 /* ColdStartView.swift in Sources */,
				A100000000000000000000G5 /* ReportsView.swift in Sources */,
				A100000000000000000000G6 /* SettingsView.swift in Sources */,
			);
			runOnlyForDeploymentPostprocessing = 0;
		};
/* End PBXSourcesBuildPhase section */

/* Begin XCBuildConfiguration section */
		A100000000000000000000AC /* Debug */ = {
			isa = XCBuildConfiguration;
			buildSettings = {
				ALWAYS_SEARCH_USER_PATHS = NO;
				ASSETCATALOG_COMPILER_GENERATE_SWIFT_ASSET_SYMBOL_EXTENSIONS = YES;
				CLANG_ANALYZER_NONNULL = YES;
				CLANG_ANALYZER_NUMBER_OBJECT_CONVERSION = YES_AGGRESSIVE;
				CLANG_CXX_LANGUAGE_STANDARD = "gnu++20";
				CLANG_ENABLE_MODULES = YES;
				CLANG_ENABLE_OBJC_ARC = YES;
				CLANG_ENABLE_OBJC_WEAK = YES;
				CLANG_WARN_BLOCK_CAPTURE_AUTORELEASING = YES;
				CLANG_WARN_BOOL_CONVERSION = YES;
				CLANG_WARN_COMMA = YES;
				CLANG_WARN_CONSTANT_CONVERSION = YES;
				CLANG_WARN_DEPRECATED_OBJC_IMPLEMENTATIONS = YES;
				CLANG_WARN_DIRECT_OBJC_ISA_USAGE = YES_ERROR;
				CLANG_WARN_DOCUMENTATION_COMMENTS = YES;
				CLANG_WARN_EMPTY_BODY = YES;
				CLANG_WARN_ENUM_CONVERSION = YES;
				CLANG_WARN_INFINITE_RECURSION = YES;
				CLANG_WARN_INT_CONVERSION = YES;
				CLANG_WARN_NON_LITERAL_NULL_CONVERSION = YES;
				CLANG_WARN_OBJC_IMPLICIT_RETAIN_SELF = YES;
				CLANG_WARN_OBJC_LITERAL_CONVERSION = YES;
				CLANG_WARN_OBJC_ROOT_CLASS = YES_ERROR;
				CLANG_WARN_QUOTED_INCLUDE_IN_FRAMEWORK_HEADER = YES;
				CLANG_WARN_RANGE_LOOP_ANALYSIS = YES;
				CLANG_WARN_STRICT_PROTOTYPES = YES;
				CLANG_WARN_SUSPICIOUS_MOVE = YES;
				CLANG_WARN_UNGUARDED_AVAILABILITY = YES_AGGRESSIVE;
				CLANG_WARN_UNREACHABLE_CODE = YES;
				CLANG_WARN__DUPLICATE_METHOD_MATCH = YES;
				COPY_PHASE_STRIP = NO;
				DEBUG_INFORMATION_FORMAT = dwarf;
				ENABLE_STRICT_OBJC_MSGSEND = YES;
				ENABLE_TESTABILITY = YES;
				ENABLE_USER_SCRIPT_SANDBOXING = YES;
				GCC_C_LANGUAGE_STANDARD = gnu17;
				GCC_DYNAMIC_NO_PIC = NO;
				GCC_NO_COMMON_BLOCKS = YES;
				GCC_OPTIMIZATION_LEVEL = 0;
				GCC_PREPROCESSOR_DEFINITIONS = (
					"DEBUG=1",
					"$(inherited)",
				);
				GCC_WARN_64_TO_32_BIT_CONVERSION = YES;
				GCC_WARN_ABOUT_RETURN_TYPE = YES_ERROR;
				GCC_WARN_UNDECLARED_SELECTOR = YES;
				GCC_WARN_UNINITIALIZED_AUTOS = YES_AGGRESSIVE;
				GCC_WARN_UNUSED_FUNCTION = YES;
				GCC_WARN_UNUSED_VARIABLE = YES;
				IPHONEOS_DEPLOYMENT_TARGET = 17.0;
				LOCALIZATION_PREFERS_STRING_CATALOGS = YES;
				MTL_ENABLE_DEBUG_INFO = INCLUDE_SOURCE;
				MTL_FAST_MATH = YES;
				ONLY_ACTIVE_ARCH = YES;
				SDKROOT = iphoneos;
				SUPPORTED_PLATFORMS = "iphoneos iphonesimulator";
				SWIFT_ACTIVE_COMPILATION_CONDITIONS = "DEBUG $(inherited)";
				SWIFT_OPTIMIZATION_LEVEL = "-Onone";
			};
			name = Debug;
		};
		A100000000000000000000AD /* Release */ = {
			isa = XCBuildConfiguration;
			buildSettings = {
				ALWAYS_SEARCH_USER_PATHS = NO;
				ASSETCATALOG_COMPILER_GENERATE_SWIFT_ASSET_SYMBOL_EXTENSIONS = YES;
				CLANG_ANALYZER_NONNULL = YES;
				CLANG_ANALYZER_NUMBER_OBJECT_CONVERSION = YES_AGGRESSIVE;
				CLANG_CXX_LANGUAGE_STANDARD = "gnu++20";
				CLANG_ENABLE_MODULES = YES;
				CLANG_ENABLE_OBJC_ARC = YES;
				CLANG_ENABLE_OBJC_WEAK = YES;
				CLANG_WARN_BLOCK_CAPTURE_AUTORELEASING = YES;
				CLANG_WARN_BOOL_CONVERSION = YES;
				CLANG_WARN_COMMA = YES;
				CLANG_WARN_CONSTANT_CONVERSION = YES;
				CLANG_WARN_DEPRECATED_OBJC_IMPLEMENTATIONS = YES;
				CLANG_WARN_DIRECT_OBJC_ISA_USAGE = YES_ERROR;
				CLANG_WARN_DOCUMENTATION_COMMENTS = YES;
				CLANG_WARN_EMPTY_BODY = YES;
				CLANG_WARN_ENUM_CONVERSION = YES;
				CLANG_WARN_INFINITE_RECURSION = YES;
				CLANG_WARN_INT_CONVERSION = YES;
				CLANG_WARN_NON_LITERAL_NULL_CONVERSION = YES;
				CLANG_WARN_OBJC_IMPLICIT_RETAIN_SELF = YES;
				CLANG_WARN_OBJC_LITERAL_CONVERSION = YES;
				CLANG_WARN_OBJC_ROOT_CLASS = YES_ERROR;
				CLANG_WARN_QUOTED_INCLUDE_IN_FRAMEWORK_HEADER = YES;
				CLANG_WARN_RANGE_LOOP_ANALYSIS = YES;
				CLANG_WARN_STRICT_PROTOTYPES = YES;
				CLANG_WARN_SUSPICIOUS_MOVE = YES;
				CLANG_WARN_UNGUARDED_AVAILABILITY = YES_AGGRESSIVE;
				CLANG_WARN_UNREACHABLE_CODE = YES;
				CLANG_WARN__DUPLICATE_METHOD_MATCH = YES;
				COPY_PHASE_STRIP = NO;
				DEBUG_INFORMATION_FORMAT = "dwarf-with-dsym";
				ENABLE_NS_ASSERTIONS = NO;
				ENABLE_STRICT_OBJC_MSGSEND = YES;
				ENABLE_USER_SCRIPT_SANDBOXING = YES;
				GCC_C_LANGUAGE_STANDARD = gnu17;
				GCC_NO_COMMON_BLOCKS = YES;
				GCC_WARN_64_TO_32_BIT_CONVERSION = YES;
				GCC_WARN_ABOUT_RETURN_TYPE = YES_ERROR;
				GCC_WARN_UNDECLARED_SELECTOR = YES;
				GCC_WARN_UNINITIALIZED_AUTOS = YES_AGGRESSIVE;
				GCC_WARN_UNUSED_FUNCTION = YES;
				GCC_WARN_UNUSED_VARIABLE = YES;
				IPHONEOS_DEPLOYMENT_TARGET = 17.0;
				LOCALIZATION_PREFERS_STRING_CATALOGS = YES;
				MTL_ENABLE_DEBUG_INFO = NO;
				MTL_FAST_MATH = YES;
				SDKROOT = iphoneos;
				SUPPORTED_PLATFORMS = "iphoneos iphonesimulator";
				SWIFT_COMPILATION_MODE = wholemodule;
				VALIDATE_PRODUCT = YES;
			};
			name = Release;
		};
		A100000000000000000000AE /* Debug */ = {
			isa = XCBuildConfiguration;
			buildSettings = {
				ASSETCATALOG_COMPILER_APPICON_NAME = AppIcon;
				ASSETCATALOG_COMPILER_GLOBAL_ACCENT_COLOR_NAME = AccentColor;
				CODE_SIGN_STYLE = Automatic;
				CURRENT_PROJECT_VERSION = 1;
				ENABLE_PREVIEWS = YES;
				GENERATE_INFOPLIST_FILE = YES;
				INFOPLIST_KEY_NSLocationWhenInUseUsageDescription = "O aplicativo usa a sua localização para registrar percursos por GPS e medir velocidade.";
				INFOPLIST_KEY_UIApplicationSceneManifest_Generation = YES;
				INFOPLIST_KEY_UIApplicationSupportsIndirectInputEvents = YES;
				INFOPLIST_KEY_UILaunchScreen_Generation = YES;
				INFOPLIST_KEY_UISupportedInterfaceOrientations_iPad = "UIInterfaceOrientationPortrait UIInterfaceOrientationPortraitUpsideDown UIInterfaceOrientationLandscapeLeft UIInterfaceOrientationLandscapeRight";
				INFOPLIST_KEY_UISupportedInterfaceOrientations_iPhone = "UIInterfaceOrientationPortrait UIInterfaceOrientationLandscapeLeft UIInterfaceOrientationLandscapeRight";
				IPHONEOS_DEPLOYMENT_TARGET = 17.0;
				LD_RUNPATH_SEARCH_PATHS = (
					"$(inherited)",
					"@executable_path/Frameworks",
				);
				MARKETING_VERSION = 1.0;
				PRODUCT_BUNDLE_IDENTIFIER = com.meucarro.app;
				PRODUCT_NAME = "$(TARGET_NAME)";
				SWIFT_EMIT_LOC_STRINGS = YES;
				SWIFT_VERSION = 5.0;
				TARGETED_DEVICE_FAMILY = "1,2";
			};
			name = Debug;
		};
		A100000000000000000000AF /* Release */ = {
			isa = XCBuildConfiguration;
			buildSettings = {
				ASSETCATALOG_COMPILER_APPICON_NAME = AppIcon;
				ASSETCATALOG_COMPILER_GLOBAL_ACCENT_COLOR_NAME = AccentColor;
				CODE_SIGN_STYLE = Automatic;
				CURRENT_PROJECT_VERSION = 1;
				ENABLE_PREVIEWS = YES;
				GENERATE_INFOPLIST_FILE = YES;
				INFOPLIST_KEY_NSLocationWhenInUseUsageDescription = "O aplicativo usa a sua localização para registrar percursos por GPS e medir velocidade.";
				INFOPLIST_KEY_UIApplicationSceneManifest_Generation = YES;
				INFOPLIST_KEY_UIApplicationSupportsIndirectInputEvents = YES;
				INFOPLIST_KEY_UILaunchScreen_Generation = YES;
				INFOPLIST_KEY_UISupportedInterfaceOrientations_iPad = "UIInterfaceOrientationPortrait UIInterfaceOrientationPortraitUpsideDown UIInterfaceOrientationLandscapeLeft UIInterfaceOrientationLandscapeRight";
				INFOPLIST_KEY_UISupportedInterfaceOrientations_iPhone = "UIInterfaceOrientationPortrait UIInterfaceOrientationLandscapeLeft UIInterfaceOrientationLandscapeRight";
				IPHONEOS_DEPLOYMENT_TARGET = 17.0;
				LD_RUNPATH_SEARCH_PATHS = (
					"$(inherited)",
					"@executable_path/Frameworks",
				);
				MARKETING_VERSION = 1.0;
				PRODUCT_BUNDLE_IDENTIFIER = com.meucarro.app;
				PRODUCT_NAME = "$(TARGET_NAME)";
				SWIFT_EMIT_LOC_STRINGS = YES;
				SWIFT_VERSION = 5.0;
				TARGETED_DEVICE_FAMILY = "1,2";
			};
			name = Release;
		};
/* End XCBuildConfiguration section */

/* Begin XCConfigurationList section */
		A100000000000000000000AB /* Build configuration list for PBXProject "MeuCarro" */ = {
			isa = XCConfigurationList;
			buildConfigurations = (
				A100000000000000000000AC /* Debug */,
				A100000000000000000000AD /* Release */,
			);
			defaultConfigurationIsVisible = 0;
			defaultConfigurationName = Release;
		};
		A100000000000000000000A7 /* Build configuration list for PBXNativeTarget "MeuCarro" */ = {
			isa = XCConfigurationList;
			buildConfigurations = (
				A100000000000000000000AE /* Debug */,
				A100000000000000000000AF /* Release */,
			);
			defaultConfigurationIsVisible = 0;
			defaultConfigurationName = Release;
		};
/* End XCConfigurationList section */
	};
	rootObject = A100000000000000000000AA /* Project object */;
}
